
Microsoft Visual Studio Solution File, Format Version 12.00
# Visual Studio Version 17
VisualStudioVersion = 17.6.33829.357
MinimumVisualStudioVersion = 10.0.40219.1
Project("{FAE04EC0-301F-11D3-BF4B-00C04F79EFBC}") = "DataGridView2", "DataGridView2\DataGridView2.csproj", "{0CDE0410-6042-4C67-8BC6-515AA2265517}"
EndProject
Global
	GlobalSection(SolutionConfigurationPlatforms) = preSolution
		Debug|Any CPU = Debug|Any CPU
		Release|Any CPU = Release|Any CPU
	EndGlobalSection
	GlobalSection(ProjectConfigurationPlatforms) = postSolution
		{0CDE0410-6042-4C67-8BC6-515AA2265517}.Debug|Any CPU.ActiveCfg = Debug|Any CPU
		{0CDE0410-6042-4C67-8BC6-515AA2265517}.Debug|Any CPU.Build.0 = Debug|Any CPU
		{0CDE0410-6042-4C67-8BC6-515AA2265517}.Release|Any CPU.ActiveCfg = Release|Any CPU
		{0CDE0410-6042-4C67-8BC6-515AA2265517}.Release|Any CPU.Build.0 = Release|Any CPU
	EndGlobalSection
	GlobalSection(SolutionProperties) = preSolution
		HideSolutionNode = FALSE
	EndGlobalSection
	GlobalSection(ExtensibilityGlobals) = postSolution
		SolutionGuid = {5AEB2305-F84F-4DF8-A624-3500DD30A08F}
	EndGlobalSection
EndGlobal
